// !$*UTF8*$!
{
	archiveVersion = 1;
	classes = {
	};
	objectVersion = 50;
	objects = {

/* Begin PBXBuildFile section */
		748173D0243E3BE2009E55D6 /* AppDelegate.swift in Sources */ = {isa = PBXBuildFile; fileRef = 748173CF243E3BE2009E55D6 /* AppDelegate.swift */; };
		748173D9243E3BE3009E55D6 /* Assets.xcassets in Resources */ = {isa = PBXBuildFile; fileRef = 748173D8243E3BE3009E55D6 /* Assets.xcassets */; };
		748173DC243E3BE3009E55D6 /* LaunchScreen.storyboard in Resources */ = {isa = PBXBuildFile; fileRef = 748173DA243E3BE3009E55D6 /* LaunchScreen.storyboard */; };
		748173F3243E3D07009E55D6 /* MovieListViewController.swift in Sources */ = {isa = PBXBuildFile; fileRef = 748173F1243E3D07009E55D6 /* MovieListViewController.swift */; };
		748173F6243E3E29009E55D6 /* MovieListViewController.xib in Resources */ = {isa = PBXBuildFile; fileRef = 748173F5243E3E29009E55D6 /* MovieListViewController.xib */; };
		748173FA243E3F7E009E55D6 /* APIClientTests.swift in Sources */ = {isa = PBXBuildFile; fileRef = 748173F9243E3F7E009E55D6 /* APIClientTests.swift */; };
		748173FC243E40AA009E55D6 /* APIClient.swift in Sources */ = {isa = PBXBuildFile; fileRef = 748173FB243E40AA009E55D6 /* APIClient.swift */; };
		748173FF243E4195009E55D6 /* Movies.swift in Sources */ = {isa = PBXBuildFile; fileRef = 748173FE243E4195009E55D6 /* Movies.swift */; };
		74817401243E5091009E55D6 /* ImageLoader.swift in Sources */ = {isa = PBXBuildFile; fileRef = 74817400243E5091009E55D6 /* ImageLoader.swift */; };
/* End PBXBuildFile section */

/* Begin PBXContainerItemProxy section */
		748173E3243E3BE4009E55D6 /* PBXContainerItemProxy */ = {
			isa = PBXContainerItemProxy;
			containerPortal = 748173C4243E3BE1009E55D6 /* Project object */;
			proxyType = 1;
			remoteGlobalIDString = 748173CB243E3BE2009E55D6;
			remoteInfo = Movies;
		};
/* End PBXContainerItemProxy section */

/* Begin PBXFileReference section */
		748173CC243E3BE2009E55D6 /* Movies.app */ = {isa = PBXFileReference; explicitFileType = wrapper.application; includeInIndex = 0; path = Movies.app; sourceTree = BUILT_PRODUCTS_DIR; };
		748173CF243E3BE2009E55D6 /* AppDelegate.swift */ = {isa = PBXFileReference; lastKnownFileType = sourcecode.swift; path = AppDelegate.swift; sourceTree = "<group>"; };
		748173D8243E3BE3009E55D6 /* Assets.xcassets */ = {isa = PBXFileReference; lastKnownFileType = folder.assetcatalog; path = Assets.xcassets; sourceTree = "<group>"; };
		748173DB243E3BE3009E55D6 /* Base */ = {isa = PBXFileReference; lastKnownFileType = file.storyboard; name = Base; path = Base.lproj/LaunchScreen.storyboard; sourceTree = "<group>"; };
		748173DD243E3BE3009E55D6 /* Info.plist */ = {isa = PBXFileReference; lastKnownFileType = text.plist.xml; path = Info.plist; sourceTree = "<group>"; };
		748173E2243E3BE4009E55D6 /* MoviesTests.xctest */ = {isa = PBXFileReference; explicitFileType = wrapper.cfbundle; includeInIndex = 0; path = MoviesTests.xctest; sourceTree = BUILT_PRODUCTS_DIR; };
		748173E8243E3BE4009E55D6 /* Info.plist */ = {isa = PBXFileReference; lastKnownFileType = text.plist.xml; path = Info.plist; sourceTree = "<group>"; };
		748173F1243E3D07009E55D6 /* MovieListViewController.swift */ = {isa = PBXFileReference; lastKnownFileType = sourcecode.swift; path = MovieListViewController.swift; sourceTree = "<group>"; };
		748173F5243E3E29009E55D6 /* MovieListViewController.xib */ = {isa = PBXFileReference; lastKnownFileType = file.xib; path = MovieListViewController.xib; sourceTree = "<group>"; };
		748173F9243E3F7E009E55D6 /* APIClientTests.swift */ = {isa = PBXFileReference; lastKnownFileType = sourcecode.swift; path = APIClientTests.swift; sourceTree = "<group>"; };
		748173FB243E40AA009E55D6 /* APIClient.swift */ = {isa = PBXFileReference; lastKnownFileType = sourcecode.swift; path = APIClient.swift; sourceTree = "<group>"; };
		748173FE243E4195009E55D6 /* Movies.swift */ = {isa = PBXFileReference; lastKnownFileType = sourcecode.swift; path = Movies.swift; sourceTree = "<group>"; };
		74817400243E5091009E55D6 /* ImageLoader.swift */ = {isa = PBXFileReference; lastKnownFileType = sourcecode.swift; path = ImageLoader.swift; sourceTree = "<group>"; };
/* End PBXFileReference section */

/* Begin PBXFrameworksBuildPhase section */
		748173C9243E3BE2009E55D6 /* Frameworks */ = {
			isa = PBXFrameworksBuildPhase;
			buildActionMask = 2147483647;
			files = (
			);
			runOnlyForDeploymentPostprocessing = 0;
		};
		748173DF243E3BE4009E55D6 /* Frameworks */ = {
			isa = PBXFrameworksBuildPhase;
			buildActionMask = 2147483647;
			files = (
			);
			runOnlyForDeploymentPostprocessing = 0;
		};
/* End PBXFrameworksBuildPhase section */

/* Begin PBXGroup section */
		748173C3243E3BE1009E55D6 = {
			isa = PBXGroup;
			children = (
				748173CE243E3BE2009E55D6 /* Movies */,
				748173E5243E3BE4009E55D6 /* MoviesTests */,
				748173CD243E3BE2009E55D6 /* Products */,
			);
			sourceTree = "<group>";
		};
		748173CD243E3BE2009E55D6 /* Products */ = {
			isa = PBXGroup;
			children = (
				748173CC243E3BE2009E55D6 /* Movies.app */,
				748173E2243E3BE4009E55D6 /* MoviesTests.xctest */,
			);
			name = Products;
			sourceTree = "<group>";
		};
		748173CE243E3BE2009E55D6 /* Movies */ = {
			isa = PBXGroup;
			children = (
				748173FD243E4150009E55D6 /* Model */,
				748173F7243E3F55009E55D6 /* Network */,
				748173CF243E3BE2009E55D6 /* AppDelegate.swift */,
				748173D8243E3BE3009E55D6 /* Assets.xcassets */,
				748173DA243E3BE3009E55D6 /* LaunchScreen.storyboard */,
				748173DD243E3BE3009E55D6 /* Info.plist */,
				748173F1243E3D07009E55D6 /* MovieListViewController.swift */,
				748173F5243E3E29009E55D6 /* MovieListViewController.xib */,
			);
			path = Movies;
			sourceTree = "<group>";
		};
		748173E5243E3BE4009E55D6 /* MoviesTests */ = {
			isa = PBXGroup;
			children = (
				748173F8243E3F5D009E55D6 /* Network */,
				748173E8243E3BE4009E55D6 /* Info.plist */,
			);
			path = MoviesTests;
			sourceTree = "<group>";
		};
		748173F7243E3F55009E55D6 /* Network */ = {
			isa = PBXGroup;
			children = (
				748173FB243E40AA009E55D6 /* APIClient.swift */,
				74817400243E5091009E55D6 /* ImageLoader.swift */,
			);
			path = Network;
			sourceTree = "<group>";
		};
		748173F8243E3F5D009E55D6 /* Network */ = {
			isa = PBXGroup;
			children = (
				748173F9243E3F7E009E55D6 /* APIClientTests.swift */,
			);
			path = Network;
			sourceTree = "<group>";
		};
		748173FD243E4150009E55D6 /* Model */ = {
			isa = PBXGroup;
			children = (
				748173FE243E4195009E55D6 /* Movies.swift */,
			);
			path = Model;
			sourceTree = "<group>";
		};
/* End PBXGroup section */

/* Begin PBXNativeTarget section */
		748173CB243E3BE2009E55D6 /* Movies */ = {
			isa = PBXNativeTarget;
			buildConfigurationList = 748173EB243E3BE4009E55D6 /* Build configuration list for PBXNativeTarget "Movies" */;
			buildPhases = (
				748173C8243E3BE2009E55D6 /* Sources */,
				748173C9243E3BE2009E55D6 /* Frameworks */,
				748173CA243E3BE2009E55D6 /* Resources */,
			);
			buildRules = (
			);
			dependencies = (
			);
			name = Movies;
			productName = Movies;
			productReference = 748173CC243E3BE2009E55D6 /* Movies.app */;
			productType = "com.apple.product-type.application";
		};
		748173E1243E3BE4009E55D6 /* MoviesTests */ = {
			isa = PBXNativeTarget;
			buildConfigurationList = 748173EE243E3BE4009E55D6 /* Build configuration list for PBXNativeTarget "MoviesTests" */;
			buildPhases = (
				748173DE243E3BE4009E55D6 /* Sources */,
				748173DF243E3BE4009E55D6 /* Frameworks */,
				748173E0243E3BE4009E55D6 /* Resources */,
			);
			buildRules = (
			);
			dependencies = (
				748173E4243E3BE4009E55D6 /* PBXTargetDependency */,
			);
			name = MoviesTests;
			productName = MoviesTests;
			productReference = 748173E2243E3BE4009E55D6 /* MoviesTests.xctest */;
			productType = "com.apple.product-type.bundle.unit-test";
		};
/* End PBXNativeTarget section */

/* Begin PBXProject section */
		748173C4243E3BE1009E55D6 /* Project object */ = {
			isa = PBXProject;
			attributes = {
				LastSwiftUpdateCheck = 1130;
				LastUpgradeCheck = 1130;
				ORGANIZATIONNAME = "Carmen Salvador";
				TargetAttributes = {
					748173CB243E3BE2009E55D6 = {
						CreatedOnToolsVersion = 11.3.1;
					};
					748173E1243E3BE4009E55D6 = {
						CreatedOnToolsVersion = 11.3.1;
						TestTargetID = 748173CB243E3BE2009E55D6;
					};
				};
			};
			buildConfigurationList = 748173C7243E3BE1009E55D6 /* Build configuration list for PBXProject "Movies" */;
			compatibilityVersion = "Xcode 9.3";
			developmentRegion = en;
			hasScannedForEncodings = 0;
			knownRegions = (
				en,
				Base,
			);
			mainGroup = 748173C3243E3BE1009E55D6;
			productRefGroup = 748173CD243E3BE2009E55D6 /* Products */;
			projectDirPath = "";
			projectRoot = "";
			targets = (
				748173CB243E3BE2009E55D6 /* Movies */,
				748173E1243E3BE4009E55D6 /* MoviesTests */,
			);
		};
/* End PBXProject section */

/* Begin PBXResourcesBuildPhase section */
		748173CA243E3BE2009E55D6 /* Resources */ = {
			isa = PBXResourcesBuildPhase;
			buildActionMask = 2147483647;
			files = (
				748173F6243E3E29009E55D6 /* MovieListViewController.xib in Resources */,
				748173DC243E3BE3009E55D6 /* LaunchScreen.storyboard in Resources */,
				748173D9243E3BE3009E55D6 /* Assets.xcassets in Resources */,
			);
			runOnlyForDeploymentPostprocessing = 0;
		};
		748173E0243E3BE4009E55D6 /* Resources */ = {
			isa = PBXResourcesBuildPhase;
			buildActionMask = 2147483647;
			files = (
			);
			runOnlyForDeploymentPostprocessing = 0;
		};
/* End PBXResourcesBuildPhase section */

/* Begin PBXSourcesBuildPhase section */
		748173C8243E3BE2009E55D6 /* Sources */ = {
			isa = PBXSourcesBuildPhase;
			buildActionMask = 2147483647;
			files = (
				748173D0243E3BE2009E55D6 /* AppDelegate.swift in Sources */,
				748173F3243E3D07009E55D6 /* MovieListViewController.swift in Sources */,
				74817401243E5091009E55D6 /* ImageLoader.swift in Sources */,
				748173FF243E4195009E55D6 /* Movies.swift in Sources */,
				748173FC243E40AA009E55D6 /* APIClient.swift in Sources */,
			);
			runOnlyForDeploymentPostprocessing = 0;
		};
		748173DE243E3BE4009E55D6 /* Sources */ = {
			isa = PBXSourcesBuildPhase;
			buildActionMask = 2147483647;
			files = (
				748173FA243E3F7E009E55D6 /* APIClientTests.swift in Sources */,
			);
			runOnlyForDeploymentPostprocessing = 0;
		};
/* End PBXSourcesBuildPhase section */

/* Begin PBXTargetDependency section */
		748173E4243E3BE4009E55D6 /* PBXTargetDependency */ = {
			isa = PBXTargetDependency;
			target = 748173CB243E3BE2009E55D6 /* Movies */;
			targetProxy = 748173E3243E3BE4009E55D6 /* PBXContainerItemProxy */;
		};
/* End PBXTargetDependency section */

/* Begin PBXVariantGroup section */
		748173DA243E3BE3009E55D6 /* LaunchScreen.storyboard */ = {
			isa = PBXVariantGroup;
			children = (
				748173DB243E3BE3009E55D6 /* Base */,
			);
			name = LaunchScreen.storyboard;
			sourceTree = "<group>";
		};
/* End PBXVariantGroup section */

/* Begin XCBuildConfiguration section */
		748173E9243E3BE4009E55D6 /* Debug */ = {
			isa = XCBuildConfiguration;
			buildSettings = {
				ALWAYS_SEARCH_USER_PATHS = NO;
				CLANG_ANALYZER_NONNULL = YES;
				CLANG_ANALYZER_NUMBER_OBJECT_CONVERSION = YES_AGGRESSIVE;
				CLANG_CXX_LANGUAGE_STANDARD = "gnu++14";
				CLANG_CXX_LIBRARY = "libc++";
				CLANG_ENABLE_MODULES = YES;
				CLANG_ENABLE_OBJC_ARC = YES;
				CLANG_ENABLE_OBJC_WEAK = YES;
				CLANG_WARN_BLOCK_CAPTURE_AUTORELEASING = YES;
				CLANG_WARN_BOOL_CONVERSION = YES;
				CLANG_WARN_COMMA = YES;
				CLANG_WARN_CONSTANT_CONVERSION = YES;
				CLANG_WARN_DEPRECATED_OBJC_IMPLEMENTATIONS = YES;
				CLANG_WARN_DIRECT_OBJC_ISA_USAGE = YES_ERROR;
				CLANG_WARN_DOCUMENTATION_COMMENTS = YES;
				CLANG_WARN_EMPTY_BODY = YES;
				CLANG_WARN_ENUM_CONVERSION = YES;
				CLANG_WARN_INFINITE_RECURSION = YES;
				CLANG_WARN_INT_CONVERSION = YES;
				CLANG_WARN_NON_LITERAL_NULL_CONVERSION = YES;
				CLANG_WARN_OBJC_IMPLICIT_RETAIN_SELF = YES;
				CLANG_WARN_OBJC_LITERAL_CONVERSION = YES;
				CLANG_WARN_OBJC_ROOT_CLASS = YES_ERROR;
				CLANG_WARN_RANGE_LOOP_ANALYSIS = YES;
				CLANG_WARN_STRICT_PROTOTYPES = YES;
				CLANG_WARN_SUSPICIOUS_MOVE = YES;
				CLANG_WARN_UNGUARDED_AVAILABILITY = YES_AGGRESSIVE;
				CLANG_WARN_UNREACHABLE_CODE = YES;
				CLANG_WARN__DUPLICATE_METHOD_MATCH = YES;
				COPY_PHASE_STRIP = NO;
				DEBUG_INFORMATION_FORMAT = dwarf;
				ENABLE_STRICT_OBJC_MSGSEND = YES;
				ENABLE_TESTABILITY = YES;
				GCC_C_LANGUAGE_STANDARD = gnu11;
				GCC_DYNAMIC_NO_PIC = NO;
				GCC_NO_COMMON_BLOCKS = YES;
				GCC_OPTIMIZATION_LEVEL = 0;
				GCC_PREPROCESSOR_DEFINITIONS = (
					"DEBUG=1",
					"$(inherited)",
				);
				GCC_WARN_64_TO_32_BIT_CONVERSION = YES;
				GCC_WARN_ABOUT_RETURN_TYPE = YES_ERROR;
				GCC_WARN_UNDECLARED_SELECTOR = YES;
				GCC_WARN_UNINITIALIZED_AUTOS = YES_AGGRESSIVE;
				GCC_WARN_UNUSED_FUNCTION = YES;
				GCC_WARN_UNUSED_VARIABLE = YES;
				IPHONEOS_DEPLOYMENT_TARGET = 13.2;
				MTL_ENABLE_DEBUG_INFO = INCLUDE_SOURCE;
				MTL_FAST_MATH = YES;
				ONLY_ACTIVE_ARCH = YES;
				SDKROOT = iphoneos;
				SWIFT_ACTIVE_COMPILATION_CONDITIONS = DEBUG;
				SWIFT_OPTIMIZATION_LEVEL = "-Onone";
			};
			name = Debug;
		};
		748173EA243E3BE4009E55D6 /* Release */ = {
			isa = XCBuildConfiguration;
			buildSettings = {
				ALWAYS_SEARCH_USER_PATHS = NO;
				CLANG_ANALYZER_NONNULL = YES;
				CLANG_ANALYZER_NUMBER_OBJECT_CONVERSION = YES_AGGRESSIVE;
				CLANG_CXX_LANGUAGE_STANDARD = "gnu++14";
				CLANG_CXX_LIBRARY = "libc++";
				CLANG_ENABLE_MODULES = YES;
				CLANG_ENABLE_OBJC_ARC = YES;
				CLANG_ENABLE_OBJC_WEAK = YES;
				CLANG_WARN_BLOCK_CAPTURE_AUTORELEASING = YES;
				CLANG_WARN_BOOL_CONVERSION = YES;
				CLANG_WARN_COMMA = YES;
				CLANG_WARN_CONSTANT_CONVERSION = YES;
				CLANG_WARN_DEPRECATED_OBJC_IMPLEMENTATIONS = YES;
				CLANG_WARN_DIRECT_OBJC_ISA_USAGE = YES_ERROR;
				CLANG_WARN_DOCUMENTATION_COMMENTS = YES;
				CLANG_WARN_EMPTY_BODY = YES;
				CLANG_WARN_ENUM_CONVERSION = YES;
				CLANG_WARN_INFINITE_RECURSION = YES;
				CLANG_WARN_INT_CONVERSION = YES;
				CLANG_WARN_NON_LITERAL_NULL_CONVERSION = YES;
				CLANG_WARN_OBJC_IMPLICIT_RETAIN_SELF = YES;
				CLANG_WARN_OBJC_LITERAL_CONVERSION = YES;
				CLANG_WARN_OBJC_ROOT_CLASS = YES_ERROR;
				CLANG_WARN_RANGE_LOOP_ANALYSIS = YES;
				CLANG_WARN_STRICT_PROTOTYPES = YES;
				CLANG_WARN_SUSPICIOUS_MOVE = YES;
				CLANG_WARN_UNGUARDED_AVAILABILITY = YES_AGGRESSIVE;
				CLANG_WARN_UNREACHABLE_CODE = YES;
				CLANG_WARN__DUPLICATE_METHOD_MATCH = YES;
				COPY_PHASE_STRIP = NO;
				DEBUG_INFORMATION_FORMAT = "dwarf-with-dsym";
				ENABLE_NS_ASSERTIONS = NO;
				ENABLE_STRICT_OBJC_MSGSEND = YES;
				GCC_C_LANGUAGE_STANDARD = gnu11;
				GCC_NO_COMMON_BLOCKS = YES;
				GCC_WARN_64_TO_32_BIT_CONVERSION = YES;
				GCC_WARN_ABOUT_RETURN_TYPE = YES_ERROR;
				GCC_WARN_UNDECLARED_SELECTOR = YES;
				GCC_WARN_UNINITIALIZED_AUTOS = YES_AGGRESSIVE;
				GCC_WARN_UNUSED_FUNCTION = YES;
				GCC_WARN_UNUSED_VARIABLE = YES;
				IPHONEOS_DEPLOYMENT_TARGET = 13.2;
				MTL_ENABLE_DEBUG_INFO = NO;
				MTL_FAST_MATH = YES;
				SDKROOT = iphoneos;
				SWIFT_COMPILATION_MODE = wholemodule;
				SWIFT_OPTIMIZATION_LEVEL = "-O";
				VALIDATE_PRODUCT = YES;
			};
			name = Release;
		};
		748173EC243E3BE4009E55D6 /* Debug */ = {
			isa = XCBuildConfiguration;
			buildSettings = {
				ASSETCATALOG_COMPILER_APPICON_NAME = AppIcon;
				CODE_SIGN_STYLE = Automatic;
				INFOPLIST_FILE = Movies/Info.plist;
				LD_RUNPATH_SEARCH_PATHS = (
					"$(inherited)",
					"@executable_path/Frameworks",
				);
				PRODUCT_BUNDLE_IDENTIFIER = com.carols.Movies;
				PRODUCT_NAME = "$(TARGET_NAME)";
				SWIFT_VERSION = 5.0;
				TARGETED_DEVICE_FAMILY = "1,2";
			};
			name = Debug;
		};
		748173ED243E3BE4009E55D6 /* Release */ = {
			isa = XCBuildConfiguration;
			buildSettings = {
				ASSETCATALOG_COMPILER_APPICON_NAME = AppIcon;
				CODE_SIGN_STYLE = Automatic;
				INFOPLIST_FILE = Movies/Info.plist;
				LD_RUNPATH_SEARCH_PATHS = (
					"$(inherited)",
					"@executable_path/Frameworks",
				);
				PRODUCT_BUNDLE_IDENTIFIER = com.carols.Movies;
				PRODUCT_NAME = "$(TARGET_NAME)";
				SWIFT_VERSION = 5.0;
				TARGETED_DEVICE_FAMILY = "1,2";
			};
			name = Release;
		};
		748173EF243E3BE4009E55D6 /* Debug */ = {
			isa = XCBuildConfiguration;
			buildSettings = {
				ALWAYS_EMBED_SWIFT_STANDARD_LIBRARIES = YES;
				BUNDLE_LOADER = "$(TEST_HOST)";
				CODE_SIGN_STYLE = Automatic;
				INFOPLIST_FILE = MoviesTests/Info.plist;
				IPHONEOS_DEPLOYMENT_TARGET = 13.2;
				LD_RUNPATH_SEARCH_PATHS = (
					"$(inherited)",
					"@executable_path/Frameworks",
					"@loader_path/Frameworks",
				);
				PRODUCT_BUNDLE_IDENTIFIER = com.carols.MoviesTests;
				PRODUCT_NAME = "$(TARGET_NAME)";
				SWIFT_VERSION = 5.0;
				TARGETED_DEVICE_FAMILY = "1,2";
				TEST_HOST = "$(BUILT_PRODUCTS_DIR)/Movies.app/Movies";
			};
			name = Debug;
		};
		748173F0243E3BE4009E55D6 /* Release */ = {
			isa = XCBuildConfiguration;
			buildSettings = {
				ALWAYS_EMBED_SWIFT_STANDARD_LIBRARIES = YES;
				BUNDLE_LOADER = "$(TEST_HOST)";
				CODE_SIGN_STYLE = Automatic;
				INFOPLIST_FILE = MoviesTests/Info.plist;
				IPHONEOS_DEPLOYMENT_TARGET = 13.2;
				LD_RUNPATH_SEARCH_PATHS = (
					"$(inherited)",
					"@executable_path/Frameworks",
					"@loader_path/Frameworks",
				);
				PRODUCT_BUNDLE_IDENTIFIER = com.carols.MoviesTests;
				PRODUCT_NAME = "$(TARGET_NAME)";
				SWIFT_VERSION = 5.0;
				TARGETED_DEVICE_FAMILY = "1,2";
				TEST_HOST = "$(BUILT_PRODUCTS_DIR)/Movies.app/Movies";
			};
			name = Release;
		};
/* End XCBuildConfiguration section */

/* Begin XCConfigurationList section */
		748173C7243E3BE1009E55D6 /* Build configuration list for PBXProject "Movies" */ = {
			isa = XCConfigurationList;
			buildConfigurations = (
				748173E9243E3BE4009E55D6 /* Debug */,
				748173EA243E3BE4009E55D6 /* Release */,
			);
			defaultConfigurationIsVisible = 0;
			defaultConfigurationName = Release;
		};
		748173EB243E3BE4009E55D6 /* Build configuration list for PBXNativeTarget "Movies" */ = {
			isa = XCConfigurationList;
			buildConfigurations = (
				748173EC243E3BE4009E55D6 /* Debug */,
				748173ED243E3BE4009E55D6 /* Release */,
			);
			defaultConfigurationIsVisible = 0;
			defaultConfigurationName = Release;
		};
		748173EE243E3BE4009E55D6 /* Build configuration list for PBXNativeTarget "MoviesTests" */ = {
			isa = XCConfigurationList;
			buildConfigurations = (
				748173EF243E3BE4009E55D6 /* Debug */,
				748173F0243E3BE4009E55D6 /* Release */,
			);
			defaultConfigurationIsVisible = 0;
			defaultConfigurationName = Release;
		};
/* End XCConfigurationList section */
	};
	rootObject = 748173C4243E3BE1009E55D6 /* Project object */;
}
